
Microsoft Visual Studio Solution File, Format Version 12.00
# Visual Studio Version 16
VisualStudioVersion = 16.0.30709.132
MinimumVisualStudioVersion = 10.0.40219.1
Project("{9A19103F-16F7-4668-BE54-9A1E7A4F7556}") = "DR.WebApi", "DR.WebApi\DR.WebApi.csproj", "{3EA9A085-75F8-4BDA-BE7F-3BC14A89B90D}"
	ProjectSection(ProjectDependencies) = postProject
		{1C61995D-E1DA-4CB8-BAC2-3620A094FA16} = {1C61995D-E1DA-4CB8-BAC2-3620A094FA16}
		{044BD0F6-296F-4C04-A888-700F79239836} = {044BD0F6-296F-4C04-A888-700F79239836}
	EndProjectSection
EndProject
Project("{2150E333-8FDC-42A3-9474-1A3956D46DE8}") = "WebApi", "WebApi", "{6F772842-7425-4028-AD08-C41F822945B1}"
EndProject
Project("{9A19103F-16F7-4668-BE54-9A1E7A4F7556}") = "DR.Configs", "DR.Configs\DR.Configs.csproj", "{534DB0D0-04DC-47BD-9380-7F33419AF905}"
EndProject
Project("{9A19103F-16F7-4668-BE54-9A1E7A4F7556}") = "DR.EFCore.DbMigrations", "DR.EFCore\DR.EFCore.DbMigrations.csproj", "{044BD0F6-296F-4C04-A888-700F79239836}"
EndProject
Project("{9A19103F-16F7-4668-BE54-9A1E7A4F7556}") = "DR.EFCore", "DR.EFCore.DbMigrations\DR.EFCore.csproj", "{30FE82B7-A847-41FF-90F7-F5E4DC25EA51}"
EndProject
Project("{9A19103F-16F7-4668-BE54-9A1E7A4F7556}") = "DR.Extensions", "DR.Extensions\DR.Extensions.csproj", "{96BDB5B1-0EE7-423E-AA80-B97354B58017}"
EndProject
Project("{9A19103F-16F7-4668-BE54-9A1E7A4F7556}") = "DR.Models", "DR.Models\DR.Models.csproj", "{D71516F6-F4B2-42CC-9D2A-2FDF9A06FBD8}"
EndProject
Project("{9A19103F-16F7-4668-BE54-9A1E7A4F7556}") = "DR.Redis", "DR.Redis\DR.Redis.csproj", "{1C61995D-E1DA-4CB8-BAC2-3620A094FA16}"
EndProject
Project("{9A19103F-16F7-4668-BE54-9A1E7A4F7556}") = "DR.Services", "DR.Services\DR.Services.csproj", "{77AA1156-C4B5-46E2-B64A-8206EF3705AF}"
EndProject
Project("{2150E333-8FDC-42A3-9474-1A3956D46DE8}") = "Test", "Test", "{76BBAA65-42B1-42B6-BF1D-F37BD957898B}"
EndProject
Project("{2150E333-8FDC-42A3-9474-1A3956D46DE8}") = "NUnitTest.EFCore", "NUnitTest.EFCore", "{E4F37757-E71A-4B92-A5E8-6C6CC6211E7E}"
EndProject
Project("{2150E333-8FDC-42A3-9474-1A3956D46DE8}") = "NUnitTest.WebApi", "NUnitTest.WebApi", "{1DACA26A-52DA-454B-B8B2-F26E709386C5}"
EndProject
Project("{9A19103F-16F7-4668-BE54-9A1E7A4F7556}") = "NUnitTest.EFCore", "..\Test\NUnitTest.EFCore\NUnitTest.EFCore.csproj", "{2C7C42C5-8E6A-4902-AFE5-3F7644D8B9BE}"
EndProject
Project("{9A19103F-16F7-4668-BE54-9A1E7A4F7556}") = "NUnitTest.WebApi", "..\Test\NUnitTest.WebApi\NUnitTest.WebApi.csproj", "{4A76D6DC-9196-4341-AEC2-270EDD6D65C9}"
EndProject
Project("{9A19103F-16F7-4668-BE54-9A1E7A4F7556}") = "DR.MongoDB", "DR.MongoDB\DR.MongoDB.csproj", "{E162DAAB-9ED2-468C-97D8-AE035533BA66}"
EndProject
Project("{9A19103F-16F7-4668-BE54-9A1E7A4F7556}") = "DR.HangFire", "BDTH.HangFire\DR.HangFire.csproj", "{2E5C2D4D-631D-4D9C-98C3-596BF4E77F01}"
EndProject
Project("{9A19103F-16F7-4668-BE54-9A1E7A4F7556}") = "DR.GateWay", "..\GateWay\DR.GateWay\DR.GateWay.csproj", "{A008424E-173F-4A3D-AC5D-F600CD16BD67}"
EndProject
Project("{2150E333-8FDC-42A3-9474-1A3956D46DE8}") = "DR.GateWay", "DR.GateWay", "{F21880F9-D612-4CC2-BDEB-7B212D2F8846}"
EndProject
Project("{9A19103F-16F7-4668-BE54-9A1E7A4F7556}") = "DR.Docs", "..\Docs\DR.Docs\DR.Docs.csproj", "{CD5E499F-76BB-43C6-94FC-421D178F6661}"
EndProject
Project("{2150E333-8FDC-42A3-9474-1A3956D46DE8}") = "DR.Doc", "DR.Doc", "{6C269020-C135-43ED-97D0-BA0D3D8EBA27}"
EndProject
Global
	GlobalSection(SolutionConfigurationPlatforms) = preSolution
		Debug|Any CPU = Debug|Any CPU
		Release|Any CPU = Release|Any CPU
	EndGlobalSection
	GlobalSection(ProjectConfigurationPlatforms) = postSolution
		{3EA9A085-75F8-4BDA-BE7F-3BC14A89B90D}.Debug|Any CPU.ActiveCfg = Debug|Any CPU
		{3EA9A085-75F8-4BDA-BE7F-3BC14A89B90D}.Debug|Any CPU.Build.0 = Debug|Any CPU
		{3EA9A085-75F8-4BDA-BE7F-3BC14A89B90D}.Release|Any CPU.ActiveCfg = Release|Any CPU
		{3EA9A085-75F8-4BDA-BE7F-3BC14A89B90D}.Release|Any CPU.Build.0 = Release|Any CPU
		{534DB0D0-04DC-47BD-9380-7F33419AF905}.Debug|Any CPU.ActiveCfg = Debug|Any CPU
		{534DB0D0-04DC-47BD-9380-7F33419AF905}.Debug|Any CPU.Build.0 = Debug|Any CPU
		{534DB0D0-04DC-47BD-9380-7F33419AF905}.Release|Any CPU.ActiveCfg = Release|Any CPU
		{534DB0D0-04DC-47BD-9380-7F33419AF905}.Release|Any CPU.Build.0 = Release|Any CPU
		{044BD0F6-296F-4C04-A888-700F79239836}.Debug|Any CPU.ActiveCfg = Debug|Any CPU
		{044BD0F6-296F-4C04-A888-700F79239836}.Debug|Any CPU.Build.0 = Debug|Any CPU
		{044BD0F6-296F-4C04-A888-700F79239836}.Release|Any CPU.ActiveCfg = Release|Any CPU
		{044BD0F6-296F-4C04-A888-700F79239836}.Release|Any CPU.Build.0 = Release|Any CPU
		{30FE82B7-A847-41FF-90F7-F5E4DC25EA51}.Debug|Any CPU.ActiveCfg = Debug|Any CPU
		{30FE82B7-A847-41FF-90F7-F5E4DC25EA51}.Debug|Any CPU.Build.0 = Debug|Any CPU
		{30FE82B7-A847-41FF-90F7-F5E4DC25EA51}.Release|Any CPU.ActiveCfg = Release|Any CPU
		{30FE82B7-A847-41FF-90F7-F5E4DC25EA51}.Release|Any CPU.Build.0 = Release|Any CPU
		{96BDB5B1-0EE7-423E-AA80-B97354B58017}.Debug|Any CPU.ActiveCfg = Debug|Any CPU
		{96BDB5B1-0EE7-423E-AA80-B97354B58017}.Debug|Any CPU.Build.0 = Debug|Any CPU
		{96BDB5B1-0EE7-423E-AA80-B97354B58017}.Release|Any CPU.ActiveCfg = Release|Any CPU
		{96BDB5B1-0EE7-423E-AA80-B97354B58017}.Release|Any CPU.Build.0 = Release|Any CPU
		{D71516F6-F4B2-42CC-9D2A-2FDF9A06FBD8}.Debug|Any CPU.ActiveCfg = Debug|Any CPU
		{D71516F6-F4B2-42CC-9D2A-2FDF9A06FBD8}.Debug|Any CPU.Build.0 = Debug|Any CPU
		{D71516F6-F4B2-42CC-9D2A-2FDF9A06FBD8}.Release|Any CPU.ActiveCfg = Release|Any CPU
		{D71516F6-F4B2-42CC-9D2A-2FDF9A06FBD8}.Release|Any CPU.Build.0 = Release|Any CPU
		{1C61995D-E1DA-4CB8-BAC2-3620A094FA16}.Debug|Any CPU.ActiveCfg = Debug|Any CPU
		{1C61995D-E1DA-4CB8-BAC2-3620A094FA16}.Debug|Any CPU.Build.0 = Debug|Any CPU
		{1C61995D-E1DA-4CB8-BAC2-3620A094FA16}.Release|Any CPU.ActiveCfg = Release|Any CPU
		{1C61995D-E1DA-4CB8-BAC2-3620A094FA16}.Release|Any CPU.Build.0 = Release|Any CPU
		{77AA1156-C4B5-46E2-B64A-8206EF3705AF}.Debug|Any CPU.ActiveCfg = Debug|Any CPU
		{77AA1156-C4B5-46E2-B64A-8206EF3705AF}.Debug|Any CPU.Build.0 = Debug|Any CPU
		{77AA1156-C4B5-46E2-B64A-8206EF3705AF}.Release|Any CPU.ActiveCfg = Release|Any CPU
		{77AA1156-C4B5-46E2-B64A-8206EF3705AF}.Release|Any CPU.Build.0 = Release|Any CPU
		{2C7C42C5-8E6A-4902-AFE5-3F7644D8B9BE}.Debug|Any CPU.ActiveCfg = Debug|Any CPU
		{2C7C42C5-8E6A-4902-AFE5-3F7644D8B9BE}.Debug|Any CPU.Build.0 = Debug|Any CPU
		{2C7C42C5-8E6A-4902-AFE5-3F7644D8B9BE}.Release|Any CPU.ActiveCfg = Release|Any CPU
		{2C7C42C5-8E6A-4902-AFE5-3F7644D8B9BE}.Release|Any CPU.Build.0 = Release|Any CPU
		{4A76D6DC-9196-4341-AEC2-270EDD6D65C9}.Debug|Any CPU.ActiveCfg = Debug|Any CPU
		{4A76D6DC-9196-4341-AEC2-270EDD6D65C9}.Debug|Any CPU.Build.0 = Debug|Any CPU
		{4A76D6DC-9196-4341-AEC2-270EDD6D65C9}.Release|Any CPU.ActiveCfg = Release|Any CPU
		{4A76D6DC-9196-4341-AEC2-270EDD6D65C9}.Release|Any CPU.Build.0 = Release|Any CPU
		{E162DAAB-9ED2-468C-97D8-AE035533BA66}.Debug|Any CPU.ActiveCfg = Debug|Any CPU
		{E162DAAB-9ED2-468C-97D8-AE035533BA66}.Debug|Any CPU.Build.0 = Debug|Any CPU
		{E162DAAB-9ED2-468C-97D8-AE035533BA66}.Release|Any CPU.ActiveCfg = Release|Any CPU
		{E162DAAB-9ED2-468C-97D8-AE035533BA66}.Release|Any CPU.Build.0 = Release|Any CPU
		{2E5C2D4D-631D-4D9C-98C3-596BF4E77F01}.Debug|Any CPU.ActiveCfg = Debug|Any CPU
		{2E5C2D4D-631D-4D9C-98C3-596BF4E77F01}.Debug|Any CPU.Build.0 = Debug|Any CPU
		{2E5C2D4D-631D-4D9C-98C3-596BF4E77F01}.Release|Any CPU.ActiveCfg = Release|Any CPU
		{2E5C2D4D-631D-4D9C-98C3-596BF4E77F01}.Release|Any CPU.Build.0 = Release|Any CPU
		{A008424E-173F-4A3D-AC5D-F600CD16BD67}.Debug|Any CPU.ActiveCfg = Debug|Any CPU
		{A008424E-173F-4A3D-AC5D-F600CD16BD67}.Debug|Any CPU.Build.0 = Debug|Any CPU
		{A008424E-173F-4A3D-AC5D-F600CD16BD67}.Release|Any CPU.ActiveCfg = Release|Any CPU
		{A008424E-173F-4A3D-AC5D-F600CD16BD67}.Release|Any CPU.Build.0 = Release|Any CPU
		{CD5E499F-76BB-43C6-94FC-421D178F6661}.Debug|Any CPU.ActiveCfg = Debug|Any CPU
		{CD5E499F-76BB-43C6-94FC-421D178F6661}.Debug|Any CPU.Build.0 = Debug|Any CPU
		{CD5E499F-76BB-43C6-94FC-421D178F6661}.Release|Any CPU.ActiveCfg = Release|Any CPU
		{CD5E499F-76BB-43C6-94FC-421D178F6661}.Release|Any CPU.Build.0 = Release|Any CPU
	EndGlobalSection
	GlobalSection(SolutionProperties) = preSolution
		HideSolutionNode = FALSE
	EndGlobalSection
	GlobalSection(NestedProjects) = preSolution
		{3EA9A085-75F8-4BDA-BE7F-3BC14A89B90D} = {6F772842-7425-4028-AD08-C41F822945B1}
		{534DB0D0-04DC-47BD-9380-7F33419AF905} = {6F772842-7425-4028-AD08-C41F822945B1}
		{044BD0F6-296F-4C04-A888-700F79239836} = {6F772842-7425-4028-AD08-C41F822945B1}
		{30FE82B7-A847-41FF-90F7-F5E4DC25EA51} = {6F772842-7425-4028-AD08-C41F822945B1}
		{96BDB5B1-0EE7-423E-AA80-B97354B58017} = {6F772842-7425-4028-AD08-C41F822945B1}
		{D71516F6-F4B2-42CC-9D2A-2FDF9A06FBD8} = {6F772842-7425-4028-AD08-C41F822945B1}
		{1C61995D-E1DA-4CB8-BAC2-3620A094FA16} = {6F772842-7425-4028-AD08-C41F822945B1}
		{77AA1156-C4B5-46E2-B64A-8206EF3705AF} = {6F772842-7425-4028-AD08-C41F822945B1}
		{E4F37757-E71A-4B92-A5E8-6C6CC6211E7E} = {76BBAA65-42B1-42B6-BF1D-F37BD957898B}
		{1DACA26A-52DA-454B-B8B2-F26E709386C5} = {76BBAA65-42B1-42B6-BF1D-F37BD957898B}
		{2C7C42C5-8E6A-4902-AFE5-3F7644D8B9BE} = {E4F37757-E71A-4B92-A5E8-6C6CC6211E7E}
		{4A76D6DC-9196-4341-AEC2-270EDD6D65C9} = {1DACA26A-52DA-454B-B8B2-F26E709386C5}
		{E162DAAB-9ED2-468C-97D8-AE035533BA66} = {6F772842-7425-4028-AD08-C41F822945B1}
		{2E5C2D4D-631D-4D9C-98C3-596BF4E77F01} = {6F772842-7425-4028-AD08-C41F822945B1}
		{A008424E-173F-4A3D-AC5D-F600CD16BD67} = {F21880F9-D612-4CC2-BDEB-7B212D2F8846}
		{CD5E499F-76BB-43C6-94FC-421D178F6661} = {6C269020-C135-43ED-97D0-BA0D3D8EBA27}
	EndGlobalSection
	GlobalSection(ExtensibilityGlobals) = postSolution
		SolutionGuid = {F3DF0954-4CD6-4E58-B910-7716D04D52FD}
	EndGlobalSection
EndGlobal
